
Microsoft Visual Studio Solution File, Format Version 12.00
# Visual Studio Version 17
VisualStudioVersion = 17.11.35327.3
MinimumVisualStudioVersion = 10.0.40219.1
Project("{FAE04EC0-301F-11D3-BF4B-00C04F79EFBC}") = "Tic-Tac-Toe", "Tic-Tac-Toe\Tic-Tac-Toe.csproj", "{55342629-A839-4F42-9030-AC32623B74A5}"
EndProject
Project("{2150E333-8FDC-42A3-9474-1A3956D46DE8}") = "NewFolder1", "NewFolder1", "{8D0D7A8A-D5B7-4A27-B216-02A5080A1DA2}"
EndProject
Global
	GlobalSection(SolutionConfigurationPlatforms) = preSolution
		Debug|Any CPU = Debug|Any CPU
		Release|Any CPU = Release|Any CPU
	EndGlobalSection
	GlobalSection(ProjectConfigurationPlatforms) = postSolution
		{55342629-A839-4F42-9030-AC32623B74A5}.Debug|Any CPU.ActiveCfg = Debug|Any CPU
		{55342629-A839-4F42-9030-AC32623B74A5}.Debug|Any CPU.Build.0 = Debug|Any CPU
		{55342629-A839-4F42-9030-AC32623B74A5}.Release|Any CPU.ActiveCfg = Release|Any CPU
		{55342629-A839-4F42-9030-AC32623B74A5}.Release|Any CPU.Build.0 = Release|Any CPU
	EndGlobalSection
	GlobalSection(SolutionProperties) = preSolution
		HideSolutionNode = FALSE
	EndGlobalSection
	GlobalSection(ExtensibilityGlobals) = postSolution
		SolutionGuid = {621CEED2-E114-4DF7-9FA7-A28345D37758}
	EndGlobalSection
EndGlobal
